
Microsoft Visual Studio Solution File, Format Version 12.00
# Visual Studio Version 17
VisualStudioVersion = 17.7.34003.232
MinimumVisualStudioVersion = 10.0.40219.1
Project("{FAE04EC0-301F-11D3-BF4B-00C04F79EFBC}") = "MagicVilla_API", "MagicVilla_API\MagicVilla_API.csproj", "{7E7F3B78-D13F-4284-B9D8-52E61F0E9A16}"
EndProject
Global
	GlobalSection(SolutionConfigurationPlatforms) = preSolution
		Debug|Any CPU = Debug|Any CPU
		Release|Any CPU = Release|Any CPU
	EndGlobalSection
	GlobalSection(ProjectConfigurationPlatforms) = postSolution
		{7E7F3B78-D13F-4284-B9D8-52E61F0E9A16}.Debug|Any CPU.ActiveCfg = Debug|Any CPU
		{7E7F3B78-D13F-4284-B9D8-52E61F0E9A16}.Debug|Any CPU.Build.0 = Debug|Any CPU
		{7E7F3B78-D13F-4284-B9D8-52E61F0E9A16}.Release|Any CPU.ActiveCfg = Release|Any CPU
		{7E7F3B78-D13F-4284-B9D8-52E61F0E9A16}.Release|Any CPU.Build.0 = Release|Any CPU
	EndGlobalSection
	GlobalSection(SolutionProperties) = preSolution
		HideSolutionNode = FALSE
	EndGlobalSection
	GlobalSection(ExtensibilityGlobals) = postSolution
		SolutionGuid = {8E719702-FAB8-45AC-A214-24354B09215B}
	EndGlobalSection
EndGlobal
